github.com/charles-haynes/ratelimiter v0.0.0-20181113234607-6e6c028ccf4e h1:QIltlnzCabVtJFtbA0n3UKRVYlOtvyb2avsNyVWiuWQ=
github.com/charles-haynes/ratelimiter v0.0.0-20181113234607-6e6c028ccf4e/go.mod h1:8R6eb0ooitbcSgC9aelUt4488UprxHeM44BOZKUqNS4=
golang.org/x/time v0.0.0-20181108054448-85acf8d2951c h1:fqgJT0MGcGpPgpWU7VRdRjuArfcOvC4AoJmILihzhDg=
golang.org/x/time v0.0.0-20181108054448-85acf8d2951c/go.mod h1:tRJNPiyCQ0inRvYxbN9jk5I+vvW/OXSQhTDSoE431IQ=
